// !$*UTF8*$!
{
	archiveVersion = 1;
	classes = {
	};
	objectVersion = 46;
	objects = {

/* Begin PBXBuildFile section */
		5463FB611D086A6700FC6064 /* main.m in Sources */ = {isa = PBXBuildFile; fileRef = 5463FB601D086A6700FC6064 /* main.m */; };
		5463FB641D086A6700FC6064 /* AppDelegate.m in Sources */ = {isa = PBXBuildFile; fileRef = 5463FB631D086A6700FC6064 /* AppDelegate.m */; };
		5463FB671D086A6700FC6064 /* ViewController.m in Sources */ = {isa = PBXBuildFile; fileRef = 5463FB661D086A6700FC6064 /* ViewController.m */; };
		5463FB6A1D086A6700FC6064 /* Main.storyboard in Resources */ = {isa = PBXBuildFile; fileRef = 5463FB681D086A6700FC6064 /* Main.storyboard */; };
		5463FB6C1D086A6700FC6064 /* Assets.xcassets in Resources */ = {isa = PBXBuildFile; fileRef = 5463FB6B1D086A6700FC6064 /* Assets.xcassets */; };
		5463FB6F1D086A6700FC6064 /* LaunchScreen.storyboard in Resources */ = {isa = PBXBuildFile; fileRef = 5463FB6D1D086A6700FC6064 /* LaunchScreen.storyboard */; };
		5463FB7A1D086A6700FC6064 /* LATViewControllerTransitionDemoTests.m in Sources */ = {isa = PBXBuildFile; fileRef = 5463FB791D086A6700FC6064 /* LATViewControllerTransitionDemoTests.m */; };
		5463FB851D086A6700FC6064 /* LATViewControllerTransitionDemoUITests.m in Sources */ = {isa = PBXBuildFile; fileRef = 5463FB841D086A6700FC6064 /* LATViewControllerTransitionDemoUITests.m */; };
		5463FB951D086A9500FC6064 /* UIViewController+LATTransitionCategory.m in Sources */ = {isa = PBXBuildFile; fileRef = 5463FB941D086A9500FC6064 /* UIViewController+LATTransitionCategory.m */; };
		5463FB981D086BBE00FC6064 /* DetailViewController.m in Sources */ = {isa = PBXBuildFile; fileRef = 5463FB971D086BBE00FC6064 /* DetailViewController.m */; };
/* End PBXBuildFile section */

/* Begin PBXContainerItemProxy section */
		5463FB761D086A6700FC6064 /* PBXContainerItemProxy */ = {
			isa = PBXContainerItemProxy;
			containerPortal = 5463FB541D086A6700FC6064 /* Project object */;
			proxyType = 1;
			remoteGlobalIDString = 5463FB5B1D086A6700FC6064;
			remoteInfo = LATViewControllerTransitionDemo;
		};
		5463FB811D086A6700FC6064 /* PBXContainerItemProxy */ = {
			isa = PBXContainerItemProxy;
			containerPortal = 5463FB541D086A6700FC6064 /* Project object */;
			proxyType = 1;
			remoteGlobalIDString = 5463FB5B1D086A6700FC6064;
			remoteInfo = LATViewControllerTransitionDemo;
		};
/* End PBXContainerItemProxy section */

/* Begin PBXFileReference section */
		5463FB5C1D086A6700FC6064 /* LATViewControllerTransitionDemo.app */ = {isa = PBXFileReference; explicitFileType = wrapper.application; includeInIndex = 0; path = LATViewControllerTransitionDemo.app; sourceTree = BUILT_PRODUCTS_DIR; };
		5463FB601D086A6700FC6064 /* main.m */ = {isa = PBXFileReference; lastKnownFileType = sourcecode.c.objc; path = main.m; sourceTree = "<group>"; };
		5463FB621D086A6700FC6064 /* AppDelegate.h */ = {isa = PBXFileReference; lastKnownFileType = sourcecode.c.h; path = AppDelegate.h; sourceTree = "<group>"; };
		5463FB631D086A6700FC6064 /* AppDelegate.m */ = {isa = PBXFileReference; lastKnownFileType = sourcecode.c.objc; path = AppDelegate.m; sourceTree = "<group>"; };
		5463FB651D086A6700FC6064 /* ViewController.h */ = {isa = PBXFileReference; lastKnownFileType = sourcecode.c.h; path = ViewController.h; sourceTree = "<group>"; };
		5463FB661D086A6700FC6064 /* ViewController.m */ = {isa = PBXFileReference; lastKnownFileType = sourcecode.c.objc; path = ViewController.m; sourceTree = "<group>"; };
		5463FB691D086A6700FC6064 /* Base */ = {isa = PBXFileReference; lastKnownFileType = file.storyboard; name = Base; path = Base.lproj/Main.storyboard; sourceTree = "<group>"; };
		5463FB6B1D086A6700FC6064 /* Assets.xcassets */ = {isa = PBXFileReference; lastKnownFileType = folder.assetcatalog; path = Assets.xcassets; sourceTree = "<group>"; };
		5463FB6E1D086A6700FC6064 /* Base */ = {isa = PBXFileReference; lastKnownFileType = file.storyboard; name = Base; path = Base.lproj/LaunchScreen.storyboard; sourceTree = "<group>"; };
		5463FB701D086A6700FC6064 /* Info.plist */ = {isa = PBXFileReference; lastKnownFileType = text.plist.xml; path = Info.plist; sourceTree = "<group>"; };
		5463FB751D086A6700FC6064 /* LATViewControllerTransitionDemoTests.xctest */ = {isa = PBXFileReference; explicitFileType = wrapper.cfbundle; includeInIndex = 0; path = LATViewControllerTransitionDemoTests.xctest; sourceTree = BUILT_PRODUCTS_DIR; };
		5463FB791D086A6700FC6064 /* LATViewControllerTransitionDemoTests.m */ = {isa = PBXFileReference; lastKnownFileType = sourcecode.c.objc; path = LATViewControllerTransitionDemoTests.m; sourceTree = "<group>"; };
		5463FB7B1D086A6700FC6064 /* Info.plist */ = {isa = PBXFileReference; lastKnownFileType = text.plist.xml; path = Info.plist; sourceTree = "<group>"; };
		5463FB801D086A6700FC6064 /* LATViewControllerTransitionDemoUITests.xctest */ = {isa = PBXFileReference; explicitFileType = wrapper.cfbundle; includeInIndex = 0; path = LATViewControllerTransitionDemoUITests.xctest; sourceTree = BUILT_PRODUCTS_DIR; };
		5463FB841D086A6700FC6064 /* LATViewControllerTransitionDemoUITests.m */ = {isa = PBXFileReference; lastKnownFileType = sourcecode.c.objc; path = LATViewControllerTransitionDemoUITests.m; sourceTree = "<group>"; };
		5463FB861D086A6700FC6064 /* Info.plist */ = {isa = PBXFileReference; lastKnownFileType = text.plist.xml; path = Info.plist; sourceTree = "<group>"; };
		5463FB931D086A9500FC6064 /* UIViewController+LATTransitionCategory.h */ = {isa = PBXFileReference; fileEncoding = 4; lastKnownFileType = sourcecode.c.h; path = "UIViewController+LATTransitionCategory.h"; sourceTree = "<group>"; };
		5463FB941D086A9500FC6064 /* UIViewController+LATTransitionCategory.m */ = {isa = PBXFileReference; fileEncoding = 4; lastKnownFileType = sourcecode.c.objc; path = "UIViewController+LATTransitionCategory.m"; sourceTree = "<group>"; };
		5463FB961D086BBE00FC6064 /* DetailViewController.h */ = {isa = PBXFileReference; fileEncoding = 4; lastKnownFileType = sourcecode.c.h; path = DetailViewController.h; sourceTree = "<group>"; };
		5463FB971D086BBE00FC6064 /* DetailViewController.m */ = {isa = PBXFileReference; fileEncoding = 4; lastKnownFileType = sourcecode.c.objc; path = DetailViewController.m; sourceTree = "<group>"; };
/* End PBXFileReference section */

/* Begin PBXFrameworksBuildPhase section */
		5463FB591D086A6700FC6064 /* Frameworks */ = {
			isa = PBXFrameworksBuildPhase;
			buildActionMask = 2147483647;
			files = (
			);
			runOnlyForDeploymentPostprocessing = 0;
		};
		5463FB721D086A6700FC6064 /* Frameworks */ = {
			isa = PBXFrameworksBuildPhase;
			buildActionMask = 2147483647;
			files = (
			);
			runOnlyForDeploymentPostprocessing = 0;
		};
		5463FB7D1D086A6700FC6064 /* Frameworks */ = {
			isa = PBXFrameworksBuildPhase;
			buildActionMask = 2147483647;
			files = (
			);
			runOnlyForDeploymentPostprocessing = 0;
		};
/* End PBXFrameworksBuildPhase section */

/* Begin PBXGroup section */
		5463FB531D086A6700FC6064 = {
			isa = PBXGroup;
			children = (
				5463FB921D086A9500FC6064 /* UIViewController+LATTransitionCategory */,
				5463FB5E1D086A6700FC6064 /* LATViewControllerTransitionDemo */,
				5463FB781D086A6700FC6064 /* LATViewControllerTransitionDemoTests */,
				5463FB831D086A6700FC6064 /* LATViewControllerTransitionDemoUITests */,
				5463FB5D1D086A6700FC6064 /* Products */,
			);
			sourceTree = "<group>";
		};
		5463FB5D1D086A6700FC6064 /* Products */ = {
			isa = PBXGroup;
			children = (
				5463FB5C1D086A6700FC6064 /* LATViewControllerTransitionDemo.app */,
				5463FB751D086A6700FC6064 /* LATViewControllerTransitionDemoTests.xctest */,
				5463FB801D086A6700FC6064 /* LATViewControllerTransitionDemoUITests.xctest */,
			);
			name = Products;
			sourceTree = "<group>";
		};
		5463FB5E1D086A6700FC6064 /* LATViewControllerTransitionDemo */ = {
			isa = PBXGroup;
			children = (
				5463FB621D086A6700FC6064 /* AppDelegate.h */,
				5463FB631D086A6700FC6064 /* AppDelegate.m */,
				5463FB651D086A6700FC6064 /* ViewController.h */,
				5463FB661D086A6700FC6064 /* ViewController.m */,
				5463FB961D086BBE00FC6064 /* DetailViewController.h */,
				5463FB971D086BBE00FC6064 /* DetailViewController.m */,
				5463FB681D086A6700FC6064 /* Main.storyboard */,
				5463FB6B1D086A6700FC6064 /* Assets.xcassets */,
				5463FB6D1D086A6700FC6064 /* LaunchScreen.storyboard */,
				5463FB701D086A6700FC6064 /* Info.plist */,
				5463FB5F1D086A6700FC6064 /* Supporting Files */,
			);
			path = LATViewControllerTransitionDemo;
			sourceTree = "<group>";
		};
		5463FB5F1D086A6700FC6064 /* Supporting Files */ = {
			isa = PBXGroup;
			children = (
				5463FB601D086A6700FC6064 /* main.m */,
			);
			name = "Supporting Files";
			sourceTree = "<group>";
		};
		5463FB781D086A6700FC6064 /* LATViewControllerTransitionDemoTests */ = {
			isa = PBXGroup;
			children = (
				5463FB791D086A6700FC6064 /* LATViewControllerTransitionDemoTests.m */,
				5463FB7B1D086A6700FC6064 /* Info.plist */,
			);
			path = LATViewControllerTransitionDemoTests;
			sourceTree = "<group>";
		};
		5463FB831D086A6700FC6064 /* LATViewControllerTransitionDemoUITests */ = {
			isa = PBXGroup;
			children = (
				5463FB841D086A6700FC6064 /* LATViewControllerTransitionDemoUITests.m */,
				5463FB861D086A6700FC6064 /* Info.plist */,
			);
			path = LATViewControllerTransitionDemoUITests;
			sourceTree = "<group>";
		};
		5463FB921D086A9500FC6064 /* UIViewController+LATTransitionCategory */ = {
			isa = PBXGroup;
			children = (
				5463FB931D086A9500FC6064 /* UIViewController+LATTransitionCategory.h */,
				5463FB941D086A9500FC6064 /* UIViewController+LATTransitionCategory.m */,
			);
			path = "UIViewController+LATTransitionCategory";
			sourceTree = "<group>";
		};
/* End PBXGroup section */

/* Begin PBXNativeTarget section */
		5463FB5B1D086A6700FC6064 /* LATViewControllerTransitionDemo */ = {
			isa = PBXNativeTarget;
			buildConfigurationList = 5463FB891D086A6700FC6064 /* Build configuration list for PBXNativeTarget "LATViewControllerTransitionDemo" */;
			buildPhases = (
				5463FB581D086A6700FC6064 /* Sources */,
				5463FB591D086A6700FC6064 /* Frameworks */,
				5463FB5A1D086A6700FC6064 /* Resources */,
			);
			buildRules = (
			);
			dependencies = (
			);
			name = LATViewControllerTransitionDemo;
			productName = LATViewControllerTransitionDemo;
			productReference = 5463FB5C1D086A6700FC6064 /* LATViewControllerTransitionDemo.app */;
			productType = "com.apple.product-type.application";
		};
		5463FB741D086A6700FC6064 /* LATViewControllerTransitionDemoTests */ = {
			isa = PBXNativeTarget;
			buildConfigurationList = 5463FB8C1D086A6700FC6064 /* Build configuration list for PBXNativeTarget "LATViewControllerTransitionDemoTests" */;
			buildPhases = (
				5463FB711D086A6700FC6064 /* Sources */,
				5463FB721D086A6700FC6064 /* Frameworks */,
				5463FB731D086A6700FC6064 /* Resources */,
			);
			buildRules = (
			);
			dependencies = (
				5463FB771D086A6700FC6064 /* PBXTargetDependency */,
			);
			name = LATViewControllerTransitionDemoTests;
			productName = LATViewControllerTransitionDemoTests;
			productReference = 5463FB751D086A6700FC6064 /* LATViewControllerTransitionDemoTests.xctest */;
			productType = "com.apple.product-type.bundle.unit-test";
		};
		5463FB7F1D086A6700FC6064 /* LATViewControllerTransitionDemoUITests */ = {
			isa = PBXNativeTarget;
			buildConfigurationList = 5463FB8F1D086A6700FC6064 /* Build configuration list for PBXNativeTarget "LATViewControllerTransitionDemoUITests" */;
			buildPhases = (
				5463FB7C1D086A6700FC6064 /* Sources */,
				5463FB7D1D086A6700FC6064 /* Frameworks */,
				5463FB7E1D086A6700FC6064 /* Resources */,
			);
			buildRules = (
			);
			dependencies = (
				5463FB821D086A6700FC6064 /* PBXTargetDependency */,
			);
			name = LATViewControllerTransitionDemoUITests;
			productName = LATViewControllerTransitionDemoUITests;
			productReference = 5463FB801D086A6700FC6064 /* LATViewControllerTransitionDemoUITests.xctest */;
			productType = "com.apple.product-type.bundle.ui-testing";
		};
/* End PBXNativeTarget section */

/* Begin PBXProject section */
		5463FB541D086A6700FC6064 /* Project object */ = {
			isa = PBXProject;
			attributes = {
				LastUpgradeCheck = 0730;
				ORGANIZATIONNAME = Later;
				TargetAttributes = {
					5463FB5B1D086A6700FC6064 = {
						CreatedOnToolsVersion = 7.3.1;
					};
					5463FB741D086A6700FC6064 = {
						CreatedOnToolsVersion = 7.3.1;
						TestTargetID = 5463FB5B1D086A6700FC6064;
					};
					5463FB7F1D086A6700FC6064 = {
						CreatedOnToolsVersion = 7.3.1;
						TestTargetID = 5463FB5B1D086A6700FC6064;
					};
				};
			};
			buildConfigurationList = 5463FB571D086A6700FC6064 /* Build configuration list for PBXProject "LATViewControllerTransitionDemo" */;
			compatibilityVersion = "Xcode 3.2";
			developmentRegion = English;
			hasScannedForEncodings = 0;
			knownRegions = (
				en,
				Base,
			);
			mainGroup = 5463FB531D086A6700FC6064;
			productRefGroup = 5463FB5D1D086A6700FC6064 /* Products */;
			projectDirPath = "";
			projectRoot = "";
			targets = (
				5463FB5B1D086A6700FC6064 /* LATViewControllerTransitionDemo */,
				5463FB741D086A6700FC6064 /* LATViewControllerTransitionDemoTests */,
				5463FB7F1D086A6700FC6064 /* LATViewControllerTransitionDemoUITests */,
			);
		};
/* End PBXProject section */

/* Begin PBXResourcesBuildPhase section */
		5463FB5A1D086A6700FC6064 /* Resources */ = {
			isa = PBXResourcesBuildPhase;
			buildActionMask = 2147483647;
			files = (
				5463FB6F1D086A6700FC6064 /* LaunchScreen.storyboard in Resources */,
				5463FB6C1D086A6700FC6064 /* Assets.xcassets in Resources */,
				5463FB6A1D086A6700FC6064 /* Main.storyboard in Resources */,
			);
			runOnlyForDeploymentPostprocessing = 0;
		};
		5463FB731D086A6700FC6064 /* Resources */ = {
			isa = PBXResourcesBuildPhase;
			buildActionMask = 2147483647;
			files = (
			);
			runOnlyForDeploymentPostprocessing = 0;
		};
		5463FB7E1D086A6700FC6064 /* Resources */ = {
			isa = PBXResourcesBuildPhase;
			buildActionMask = 2147483647;
			files = (
			);
			runOnlyForDeploymentPostprocessing = 0;
		};
/* End PBXResourcesBuildPhase section */

/* Begin PBXSourcesBuildPhase section */
		5463FB581D086A6700FC6064 /* Sources */ = {
			isa = PBXSourcesBuildPhase;
			buildActionMask = 2147483647;
			files = (
				5463FB981D086BBE00FC6064 /* DetailViewController.m in Sources */,
				5463FB951D086A9500FC6064 /* UIViewController+LATTransitionCategory.m in Sources */,
				5463FB671D086A6700FC6064 /* ViewController.m in Sources */,
				5463FB641D086A6700FC6064 /* AppDelegate.m in Sources */,
				5463FB611D086A6700FC6064 /* main.m in Sources */,
			);
			runOnlyForDeploymentPostprocessing = 0;
		};
		5463FB711D086A6700FC6064 /* Sources */ = {
			isa = PBXSourcesBuildPhase;
			buildActionMask = 2147483647;
			files = (
				5463FB7A1D086A6700FC6064 /* LATViewControllerTransitionDemoTests.m in Sources */,
			);
			runOnlyForDeploymentPostprocessing = 0;
		};
		5463FB7C1D086A6700FC6064 /* Sources */ = {
			isa = PBXSourcesBuildPhase;
			buildActionMask = 2147483647;
			files = (
				5463FB851D086A6700FC6064 /* LATViewControllerTransitionDemoUITests.m in Sources */,
			);
			runOnlyForDeploymentPostprocessing = 0;
		};
/* End PBXSourcesBuildPhase section */

/* Begin PBXTargetDependency section */
		5463FB771D086A6700FC6064 /* PBXTargetDependency */ = {
			isa = PBXTargetDependency;
			target = 5463FB5B1D086A6700FC6064 /* LATViewControllerTransitionDemo */;
			targetProxy = 5463FB761D086A6700FC6064 /* PBXContainerItemProxy */;
		};
		5463FB821D086A6700FC6064 /* PBXTargetDependency */ = {
			isa = PBXTargetDependency;
			target = 5463FB5B1D086A6700FC6064 /* LATViewControllerTransitionDemo */;
			targetProxy = 5463FB811D086A6700FC6064 /* PBXContainerItemProxy */;
		};
/* End PBXTargetDependency section */

/* Begin PBXVariantGroup section */
		5463FB681D086A6700FC6064 /* Main.storyboard */ = {
			isa = PBXVariantGroup;
			children = (
				5463FB691D086A6700FC6064 /* Base */,
			);
			name = Main.storyboard;
			sourceTree = "<group>";
		};
		5463FB6D1D086A6700FC6064 /* LaunchScreen.storyboard */ = {
			isa = PBXVariantGroup;
			children = (
				5463FB6E1D086A6700FC6064 /* Base */,
			);
			name = LaunchScreen.storyboard;
			sourceTree = "<group>";
		};
/* End PBXVariantGroup section */

/* Begin XCBuildConfiguration section */
		5463FB871D086A6700FC6064 /* Debug */ = {
			isa = XCBuildConfiguration;
			buildSettings = {
				ALWAYS_SEARCH_USER_PATHS = NO;
				CLANG_ANALYZER_NONNULL = YES;
				CLANG_CXX_LANGUAGE_STANDARD = "gnu++0x";
				CLANG_CXX_LIBRARY = "libc++";
				CLANG_ENABLE_MODULES = YES;
				CLANG_ENABLE_OBJC_ARC = YES;
				CLANG_WARN_BOOL_CONVERSION = YES;
				CLANG_WARN_CONSTANT_CONVERSION = YES;
				CLANG_WARN_DIRECT_OBJC_ISA_USAGE = YES_ERROR;
				CLANG_WARN_EMPTY_BODY = YES;
				CLANG_WARN_ENUM_CONVERSION = YES;
				CLANG_WARN_INT_CONVERSION = YES;
				CLANG_WARN_OBJC_ROOT_CLASS = YES_ERROR;
				CLANG_WARN_UNREACHABLE_CODE = YES;
				CLANG_WARN__DUPLICATE_METHOD_MATCH = YES;
				"CODE_SIGN_IDENTITY[sdk=iphoneos*]" = "iPhone Developer";
				COPY_PHASE_STRIP = NO;
				DEBUG_INFORMATION_FORMAT = dwarf;
				ENABLE_STRICT_OBJC_MSGSEND = YES;
				ENABLE_TESTABILITY = YES;
				GCC_C_LANGUAGE_STANDARD = gnu99;
				GCC_DYNAMIC_NO_PIC = NO;
				GCC_NO_COMMON_BLOCKS = YES;
				GCC_OPTIMIZATION_LEVEL = 0;
				GCC_PREPROCESSOR_DEFINITIONS = (
					"DEBUG=1",
					"$(inherited)",
				);
				GCC_WARN_64_TO_32_BIT_CONVERSION = YES;
				GCC_WARN_ABOUT_RETURN_TYPE = YES_ERROR;
				GCC_WARN_UNDECLARED_SELECTOR = YES;
				GCC_WARN_UNINITIALIZED_AUTOS = YES_AGGRESSIVE;
				GCC_WARN_UNUSED_FUNCTION = YES;
				GCC_WARN_UNUSED_VARIABLE = YES;
				IPHONEOS_DEPLOYMENT_TARGET = 9.3;
				MTL_ENABLE_DEBUG_INFO = YES;
				ONLY_ACTIVE_ARCH = YES;
				SDKROOT = iphoneos;
				TARGETED_DEVICE_FAMILY = "1,2";
			};
			name = Debug;
		};
		5463FB881D086A6700FC6064 /* Release */ = {
			isa = XCBuildConfiguration;
			buildSettings = {
				ALWAYS_SEARCH_USER_PATHS = NO;
				CLANG_ANALYZER_NONNULL = YES;
				CLANG_CXX_LANGUAGE_STANDARD = "gnu++0x";
				CLANG_CXX_LIBRARY = "libc++";
				CLANG_ENABLE_MODULES = YES;
				CLANG_ENABLE_OBJC_ARC = YES;
				CLANG_WARN_BOOL_CONVERSION = YES;
				CLANG_WARN_CONSTANT_CONVERSION = YES;
				CLANG_WARN_DIRECT_OBJC_ISA_USAGE = YES_ERROR;
				CLANG_WARN_EMPTY_BODY = YES;
				CLANG_WARN_ENUM_CONVERSION = YES;
				CLANG_WARN_INT_CONVERSION = YES;
				CLANG_WARN_OBJC_ROOT_CLASS = YES_ERROR;
				CLANG_WARN_UNREACHABLE_CODE = YES;
				CLANG_WARN__DUPLICATE_METHOD_MATCH = YES;
				"CODE_SIGN_IDENTITY[sdk=iphoneos*]" = "iPhone Developer";
				COPY_PHASE_STRIP = NO;
				DEBUG_INFORMATION_FORMAT = "dwarf-with-dsym";
				ENABLE_NS_ASSERTIONS = NO;
				ENABLE_STRICT_OBJC_MSGSEND = YES;
				GCC_C_LANGUAGE_STANDARD = gnu99;
				GCC_NO_COMMON_BLOCKS = YES;
				GCC_WARN_64_TO_32_BIT_CONVERSION = YES;
				GCC_WARN_ABOUT_RETURN_TYPE = YES_ERROR;
				GCC_WARN_UNDECLARED_SELECTOR = YES;
				GCC_WARN_UNINITIALIZED_AUTOS = YES_AGGRESSIVE;
				GCC_WARN_UNUSED_FUNCTION = YES;
				GCC_WARN_UNUSED_VARIABLE = YES;
				IPHONEOS_DEPLOYMENT_TARGET = 9.3;
				MTL_ENABLE_DEBUG_INFO = NO;
				SDKROOT = iphoneos;
				TARGETED_DEVICE_FAMILY = "1,2";
				VALIDATE_PRODUCT = YES;
			};
			name = Release;
		};
		5463FB8A1D086A6700FC6064 /* Debug */ = {
			isa = XCBuildConfiguration;
			buildSettings = {
				ASSETCATALOG_COMPILER_APPICON_NAME = AppIcon;
				CLANG_ENABLE_OBJC_WEAK = YES;
				INFOPLIST_FILE = LATViewControllerTransitionDemo/Info.plist;
				LD_RUNPATH_SEARCH_PATHS = "$(inherited) @executable_path/Frameworks";
				PRODUCT_BUNDLE_IDENTIFIER = com.luo.com.LATViewControllerTransitionDemo;
				PRODUCT_NAME = "$(TARGET_NAME)";
			};
			name = Debug;
		};
		5463FB8B1D086A6700FC6064 /* Release */ = {
			isa = XCBuildConfiguration;
			buildSettings = {
				ASSETCATALOG_COMPILER_APPICON_NAME = AppIcon;
				CLANG_ENABLE_OBJC_WEAK = YES;
				INFOPLIST_FILE = LATViewControllerTransitionDemo/Info.plist;
				LD_RUNPATH_SEARCH_PATHS = "$(inherited) @executable_path/Frameworks";
				PRODUCT_BUNDLE_IDENTIFIER = com.luo.com.LATViewControllerTransitionDemo;
				PRODUCT_NAME = "$(TARGET_NAME)";
			};
			name = Release;
		};
		5463FB8D1D086A6700FC6064 /* Debug */ = {
			isa = XCBuildConfiguration;
			buildSettings = {
				BUNDLE_LOADER = "$(TEST_HOST)";
				INFOPLIST_FILE = LATViewControllerTransitionDemoTests/Info.plist;
				LD_RUNPATH_SEARCH_PATHS = "$(inherited) @executable_path/Frameworks @loader_path/Frameworks";
				PRODUCT_BUNDLE_IDENTIFIER = com.luo.com.LATViewControllerTransitionDemoTests;
				PRODUCT_NAME = "$(TARGET_NAME)";
				TEST_HOST = "$(BUILT_PRODUCTS_DIR)/LATViewControllerTransitionDemo.app/LATViewControllerTransitionDemo";
			};
			name = Debug;
		};
		5463FB8E1D086A6700FC6064 /* Release */ = {
			isa = XCBuildConfiguration;
			buildSettings = {
				BUNDLE_LOADER = "$(TEST_HOST)";
				INFOPLIST_FILE = LATViewControllerTransitionDemoTests/Info.plist;
				LD_RUNPATH_SEARCH_PATHS = "$(inherited) @executable_path/Frameworks @loader_path/Frameworks";
				PRODUCT_BUNDLE_IDENTIFIER = com.luo.com.LATViewControllerTransitionDemoTests;
				PRODUCT_NAME = "$(TARGET_NAME)";
				TEST_HOST = "$(BUILT_PRODUCTS_DIR)/LATViewControllerTransitionDemo.app/LATViewControllerTransitionDemo";
			};
			name = Release;
		};
		5463FB901D086A6700FC6064 /* Debug */ = {
			isa = XCBuildConfiguration;
			buildSettings = {
				INFOPLIST_FILE = LATViewControllerTransitionDemoUITests/Info.plist;
				LD_RUNPATH_SEARCH_PATHS = "$(inherited) @executable_path/Frameworks @loader_path/Frameworks";
				PRODUCT_BUNDLE_IDENTIFIER = com.luo.com.LATViewControllerTransitionDemoUITests;
				PRODUCT_NAME = "$(TARGET_NAME)";
				TEST_TARGET_NAME = LATViewControllerTransitionDemo;
			};
			name = Debug;
		};
		5463FB911D086A6700FC6064 /* Release */ = {
			isa = XCBuildConfiguration;
			buildSettings = {
				INFOPLIST_FILE = LATViewControllerTransitionDemoUITests/Info.plist;
				LD_RUNPATH_SEARCH_PATHS = "$(inherited) @executable_path/Frameworks @loader_path/Frameworks";
				PRODUCT_BUNDLE_IDENTIFIER = com.luo.com.LATViewControllerTransitionDemoUITests;
				PRODUCT_NAME = "$(TARGET_NAME)";
				TEST_TARGET_NAME = LATViewControllerTransitionDemo;
			};
			name = Release;
		};
/* End XCBuildConfiguration section */

/* Begin XCConfigurationList section */
		5463FB571D086A6700FC6064 /* Build configuration list for PBXProject "LATViewControllerTransitionDemo" */ = {
			isa = XCConfigurationList;
			buildConfigurations = (
				5463FB871D086A6700FC6064 /* Debug */,
				5463FB881D086A6700FC6064 /* Release */,
			);
			defaultConfigurationIsVisible = 0;
			defaultConfigurationName = Release;
		};
		5463FB891D086A6700FC6064 /* Build configuration list for PBXNativeTarget "LATViewControllerTransitionDemo" */ = {
			isa = XCConfigurationList;
			buildConfigurations = (
				5463FB8A1D086A6700FC6064 /* Debug */,
				5463FB8B1D086A6700FC6064 /* Release */,
			);
			defaultConfigurationIsVisible = 0;
		};
		5463FB8C1D086A6700FC6064 /* Build configuration list for PBXNativeTarget "LATViewControllerTransitionDemoTests" */ = {
			isa = XCConfigurationList;
			buildConfigurations = (
				5463FB8D1D086A6700FC6064 /* Debug */,
				5463FB8E1D086A6700FC6064 /* Release */,
			);
			defaultConfigurationIsVisible = 0;
		};
		5463FB8F1D086A6700FC6064 /* Build configuration list for PBXNativeTarget "LATViewControllerTransitionDemoUITests" */ = {
			isa = XCConfigurationList;
			buildConfigurations = (
				5463FB901D086A6700FC6064 /* Debug */,
				5463FB911D086A6700FC6064 /* Release */,
			);
			defaultConfigurationIsVisible = 0;
		};
/* End XCConfigurationList section */
	};
	rootObject = 5463FB541D086A6700FC6064 /* Project object */;
}
